{
  "name": "@pydantic/cel",
  "version": "0.1.0-alpha.21",
  "lockfileVersion": 3,
  "requires": true,
  "packages": {
    "": {
      "name": "@pydantic/cel",
      "version": "0.1.0-alpha.21",
      "license": "MIT",
      "devDependencies": {
        "@types/node": "24.3.3",
        "oxfmt": "0.15.0",
        "oxlint": "1.15.0",
        "typescript": "5.9.2"
      },
      "engines": {
        "node": ">=22"
      }
    },
    "node_modules/@oxfmt/darwin-arm64": {
      "version": "0.15.0",
      "resolved": "https://registry.npmjs.org/@oxfmt/darwin-arm64/-/darwin-arm64-0.15.0.tgz",
      "integrity": "sha512-M5xiXkqtwG/1yVlNZJaXeFJGs1jVTT7Q6gfdIU3nO8wXIj0lsfcirc55XPObWohA8T73oLh3Cp1oSQluxVXQrQ==",
      "cpu": [
        "arm64"
      ],
      "dev": true,
      "license": "MIT",
      "optional": true,
      "os": [
        "darwin"
      ]
    },
    "node_modules/@oxfmt/darwin-x64": {
      "version": "0.15.0",
      "resolved": "https://registry.npmjs.org/@oxfmt/darwin-x64/-/darwin-x64-0.15.0.tgz",
      "integrity": "sha512-HXBZBV1oqmZWcmXXQE+zXNpe8nOXyeY9oLeW6KfflR1HCicR75Tmer6Y5/euVOb/mDfegkkjReRoQnYxJ6CmtQ==",
      "cpu": [
        "x64"
      ],
      "dev": true,
      "license": "MIT",
      "optional": true,
      "os": [
        "darwin"
      ]
    },
    "node_modules/@oxfmt/linux-arm64-gnu": {
      "version": "0.15.0",
      "resolved": "https://registry.npmjs.org/@oxfmt/linux-arm64-gnu/-/linux-arm64-gnu-0.15.0.tgz",
      "integrity": "sha512-udaMrO+a6XFCtr0wPMHNFxyYD824y0FzjMrll77P8t2jDxiNAwbEzbz7SU0VKSEH36K62bgS2Dn/yfWedXQFrQ==",
      "cpu": [
        "arm64"
      ],
      "dev": true,
      "libc": [
        "glibc"
      ],
      "license": "MIT",
      "optional": true,
      "os": [
        "linux"
      ]
    },
    "node_modules/@oxfmt/linux-arm64-musl": {
      "version": "0.15.0",
      "resolved": "https://registry.npmjs.org/@oxfmt/linux-arm64-musl/-/linux-arm64-musl-0.15.0.tgz",
      "integrity": "sha512-HHFSA5bL60DG2QjI9KnkCCImdBitLoun1LGitMpI9SQDYeKezDr8rz4IQWeE2h45dWltFFm5fONh6cwSLFeHOQ==",
      "cpu": [
        "arm64"
      ],
      "dev": true,
      "libc": [
        "musl"
      ],
      "license": "MIT",
      "optional": true,
      "os": [
        "linux"
      ]
    },
    "node_modules/@oxfmt/linux-x64-gnu": {
      "version": "0.15.0",
      "resolved": "https://registry.npmjs.org/@oxfmt/linux-x64-gnu/-/linux-x64-gnu-0.15.0.tgz",
      "integrity": "sha512-M1dN2Erxd5d5e/YP19Rv6TsDiHAgeAydOX/Qr42/CQfP93edohFOXvZsgthEGQVKNcc45SNDd2Fscx3szw68iA==",
      "cpu": [
        "x64"
      ],
      "dev": true,
      "libc": [
        "glibc"
      ],
      "license": "MIT",
      "optional": true,
      "os": [
        "linux"
      ]
    },
    "node_modules/@oxfmt/linux-x64-musl": {
      "version": "0.15.0",
      "resolved": "https://registry.npmjs.org/@oxfmt/linux-x64-musl/-/linux-x64-musl-0.15.0.tgz",
      "integrity": "sha512-Y7f+Daz9/Hnmtkja6Va0E8iYYSSV4RGyIz8FD2flfd3BIA1TOVOYwlmkAFQkBUhwuIDsYOtsWcAXJAf8cWiAEw==",
      "cpu": [
        "x64"
      ],
      "dev": true,
      "libc": [
        "musl"
      ],
      "license": "MIT",
      "optional": true,
      "os": [
        "linux"
      ]
    },
    "node_modules/@oxfmt/win32-arm64": {
      "version": "0.15.0",
      "resolved": "https://registry.npmjs.org/@oxfmt/win32-arm64/-/win32-arm64-0.15.0.tgz",
      "integrity": "sha512-IhrYWgy9yF5tynkScyiQEiTxvEXVo8L++JuIIv36p2Vdk7wPNtfq1tHSiu1nrUw33idjsWZ0QsP6Sx2e+48s0A==",
      "cpu": [
        "arm64"
      ],
      "dev": true,
      "license": "MIT",
      "optional": true,
      "os": [
        "win32"
      ]
    },
    "node_modules/@oxfmt/win32-x64": {
      "version": "0.15.0",
      "resolved": "https://registry.npmjs.org/@oxfmt/win32-x64/-/win32-x64-0.15.0.tgz",
      "integrity": "sha512-ngMLVe0UxjKtjZ79MYp0qJDolltFOAFp511Tfr89nVv077cQosqZ0Sx7hmIQLA0G+wyADfG/UMNcpPVyC/Msig==",
      "cpu": [
        "x64"
      ],
      "dev": true,
      "license": "MIT",
      "optional": true,
      "os": [
        "win32"
      ]
    },
    "node_modules/@oxlint/darwin-arm64": {
      "version": "1.15.0",
      "resolved": "https://registry.npmjs.org/@oxlint/darwin-arm64/-/darwin-arm64-1.15.0.tgz",
      "integrity": "sha512-fwYg7WDKI6eAErREBGMXkIAOqBuBFN0LWbQJvVNXCGjywGxsisdwkHnNu4UG8IpHo4P71mUxf3l2xm+5Xiy+TA==",
      "cpu": [
        "arm64"
      ],
      "dev": true,
      "license": "MIT",
      "optional": true,
      "os": [
        "darwin"
      ]
    },
    "node_modules/@oxlint/darwin-x64": {
      "version": "1.15.0",
      "resolved": "https://registry.npmjs.org/@oxlint/darwin-x64/-/darwin-x64-1.15.0.tgz",
      "integrity": "sha512-RtaAmB6NZZx4hvjCg6w35shzRY5fLclbMsToC92MTZ9lMDF9LotzcbyNHCZ1tvZb1tNPObpIsuX16BFeElF8nw==",
      "cpu": [
        "x64"
      ],
      "dev": true,
      "license": "MIT",
      "optional": true,
      "os": [
        "darwin"
      ]
    },
    "node_modules/@oxlint/linux-arm64-gnu": {
      "version": "1.15.0",
      "resolved": "https://registry.npmjs.org/@oxlint/linux-arm64-gnu/-/linux-arm64-gnu-1.15.0.tgz",
      "integrity": "sha512-8uV0lAbmqp93KTBlJWyCdQWuxTzLn+QrDRidUaCLJjn65uvv8KlRhZJoZoyLh17X6U/cgezYktWTMiMhxX56BA==",
      "cpu": [
        "arm64"
      ],
      "dev": true,
      "libc": [
        "glibc"
      ],
      "license": "MIT",
      "optional": true,
      "os": [
        "linux"
      ]
    },
    "node_modules/@oxlint/linux-arm64-musl": {
      "version": "1.15.0",
      "resolved": "https://registry.npmjs.org/@oxlint/linux-arm64-musl/-/linux-arm64-musl-1.15.0.tgz",
      "integrity": "sha512-/+hTqh1J29+2GitKrWUHIYjQBM1szWSJ1U7OzQlgL+Uvf8jxg4sn1nV79LcPMXhC2t8lZy5EOXOgwIh92DsdhQ==",
      "cpu": [
        "arm64"
      ],
      "dev": true,
      "libc": [
        "musl"
      ],
      "license": "MIT",
      "optional": true,
      "os": [
        "linux"
      ]
    },
    "node_modules/@oxlint/linux-x64-gnu": {
      "version": "1.15.0",
      "resolved": "https://registry.npmjs.org/@oxlint/linux-x64-gnu/-/linux-x64-gnu-1.15.0.tgz",
      "integrity": "sha512-GzeY3AhUd49yV+/76Gw0pjpwUJwxCkwYAJTNe7fFTdWjEQ6M6g8ZzJg5FKtUvgA5sMgmfzHhvSXxvT57YhcXnA==",
      "cpu": [
        "x64"
      ],
      "dev": true,
      "libc": [
        "glibc"
      ],
      "license": "MIT",
      "optional": true,
      "os": [
        "linux"
      ]
    },
    "node_modules/@oxlint/linux-x64-musl": {
      "version": "1.15.0",
      "resolved": "https://registry.npmjs.org/@oxlint/linux-x64-musl/-/linux-x64-musl-1.15.0.tgz",
      "integrity": "sha512-p/7+juizUOCpGYreFmdfmIOSSSE3+JfsgnXnOHuP8mqlZfiOeXyevyajuXpPNRM60+k0reGvlV7ezp1iFitF7w==",
      "cpu": [
        "x64"
      ],
      "dev": true,
      "libc": [
        "musl"
      ],
      "license": "MIT",
      "optional": true,
      "os": [
        "linux"
      ]
    },
    "node_modules/@oxlint/win32-arm64": {
      "version": "1.15.0",
      "resolved": "https://registry.npmjs.org/@oxlint/win32-arm64/-/win32-arm64-1.15.0.tgz",
      "integrity": "sha512-2LaDLOtCMq+lzIQ63Eir3UJV/hQNlw01xtsij2L8sSxt4gA+zWvubOQJQIOPGMDxEKFcWT1lo/6YEXX/sNnZDA==",
      "cpu": [
        "arm64"
      ],
      "dev": true,
      "license": "MIT",
      "optional": true,
      "os": [
        "win32"
      ]
    },
    "node_modules/@oxlint/win32-x64": {
      "version": "1.15.0",
      "resolved": "https://registry.npmjs.org/@oxlint/win32-x64/-/win32-x64-1.15.0.tgz",
      "integrity": "sha512-+jgRPpZrFIcrNxCVsDIy6HVCRpKVDN0DHD8VJodjrsDv6heqhq/qCTa2IXY3R4glWe1nWQ5JgdFKLn3Bl+aLNg==",
      "cpu": [
        "x64"
      ],
      "dev": true,
      "license": "MIT",
      "optional": true,
      "os": [
        "win32"
      ]
    },
    "node_modules/@types/node": {
      "version": "24.3.3",
      "resolved": "https://registry.npmjs.org/@types/node/-/node-24.3.3.tgz",
      "integrity": "sha512-GKBNHjoNw3Kra1Qg5UXttsY5kiWMEfoHq2TmXb+b1rcm6N7B3wTrFYIf/oSZ1xNQ+hVVijgLkiDZh7jRRsh+Gw==",
      "dev": true,
      "license": "MIT",
      "dependencies": {
        "undici-types": "~7.10.0"
      }
    },
    "node_modules/oxfmt": {
      "version": "0.15.0",
      "resolved": "https://registry.npmjs.org/oxfmt/-/oxfmt-0.15.0.tgz",
      "integrity": "sha512-WOPBsZteu/H7t+3UGuEDyYi87+v2H96zyBwrEIwq4SEAt8P3bL6velrvs71V6aOpxjLcIPAnKjXeHScvFImI4w==",
      "dev": true,
      "license": "MIT",
      "bin": {
        "oxfmt": "bin/oxfmt"
      },
      "engines": {
        "node": "^20.19.0 || >=22.12.0"
      },
      "funding": {
        "url": "https://github.com/sponsors/Boshen"
      },
      "optionalDependencies": {
        "@oxfmt/darwin-arm64": "0.15.0",
        "@oxfmt/darwin-x64": "0.15.0",
        "@oxfmt/linux-arm64-gnu": "0.15.0",
        "@oxfmt/linux-arm64-musl": "0.15.0",
        "@oxfmt/linux-x64-gnu": "0.15.0",
        "@oxfmt/linux-x64-musl": "0.15.0",
        "@oxfmt/win32-arm64": "0.15.0",
        "@oxfmt/win32-x64": "0.15.0"
      }
    },
    "node_modules/oxlint": {
      "version": "1.15.0",
      "resolved": "https://registry.npmjs.org/oxlint/-/oxlint-1.15.0.tgz",
      "integrity": "sha512-GZngkdF2FabM0pp0/l5OOhIQg+9L6LmOrmS8V8Vg+Swv9/VLJd/oc/LtAkv4HO45BNWL3EVaXzswI0CmGokVzw==",
      "dev": true,
      "license": "MIT",
      "bin": {
        "oxc_language_server": "bin/oxc_language_server",
        "oxlint": "bin/oxlint"
      },
      "engines": {
        "node": ">=8.*"
      },
      "funding": {
        "url": "https://github.com/sponsors/Boshen"
      },
      "optionalDependencies": {
        "@oxlint/darwin-arm64": "1.15.0",
        "@oxlint/darwin-x64": "1.15.0",
        "@oxlint/linux-arm64-gnu": "1.15.0",
        "@oxlint/linux-arm64-musl": "1.15.0",
        "@oxlint/linux-x64-gnu": "1.15.0",
        "@oxlint/linux-x64-musl": "1.15.0",
        "@oxlint/win32-arm64": "1.15.0",
        "@oxlint/win32-x64": "1.15.0"
      },
      "peerDependencies": {
        "oxlint-tsgolint": ">=0.2.0"
      },
      "peerDependenciesMeta": {
        "oxlint-tsgolint": {
          "optional": true
        }
      }
    },
    "node_modules/typescript": {
      "version": "5.9.2",
      "resolved": "https://registry.npmjs.org/typescript/-/typescript-5.9.2.tgz",
      "integrity": "sha512-CWBzXQrc/qOkhidw1OzBTQuYRbfyxDXJMVJ1XNwUHGROVmuaeiEm3OslpZ1RV96d7SKKjZKrSJu3+t/xlw3R9A==",
      "dev": true,
      "license": "Apache-2.0",
      "bin": {
        "tsc": "bin/tsc",
        "tsserver": "bin/tsserver"
      },
      "engines": {
        "node": ">=14.17"
      }
    },
    "node_modules/undici-types": {
      "version": "7.10.0",
      "resolved": "https://registry.npmjs.org/undici-types/-/undici-types-7.10.0.tgz",
      "integrity": "sha512-t5Fy/nfn+14LuOc2KNYg75vZqClpAiqscVvMygNnlsHBFpSXdJaYtXMcdNLpl/Qvc3P2cB3s6lOV51nqsFq4ag==",
      "dev": true,
      "license": "MIT"
    }
  }
}
