{
  "name": "cel-benchmarks",
  "lockfileVersion": 3,
  "requires": true,
  "packages": {
    "": {
      "name": "cel-benchmarks",
      "dependencies": {
        "@marcbachmann/cel-js": "8.0.0"
      },
      "optionalDependencies": {
        "@bufbuild/cel": "0.6.1"
      }
    },
    "node_modules/@bufbuild/cel": {
      "version": "0.6.1",
      "resolved": "https://registry.npmjs.org/@bufbuild/cel/-/cel-0.6.1.tgz",
      "integrity": "sha512-tW7cvf5byb4zrVKsdkVk/UhD3dH6Q0hnfmeRyKaAGXx0pwebk7NjUgdR2GSwf74GXxkC7StMfgRLA2Ea/+zPKw==",
      "license": "Apache-2.0",
      "optional": true,
      "dependencies": {
        "@bufbuild/cel-spec": "0.6.1",
        "@bufbuild/re2": "0.6.1"
      },
      "peerDependencies": {
        "@bufbuild/protobuf": "^2.6.2"
      }
    },
    "node_modules/@bufbuild/cel-spec": {
      "version": "0.6.1",
      "resolved": "https://registry.npmjs.org/@bufbuild/cel-spec/-/cel-spec-0.6.1.tgz",
      "integrity": "sha512-m0Ac9qA669yxxC0Hy45qGsUZemjImVfxPl6r9jLbkJviEvv3R9hSYyH2ItGRbDguekX6eId0cb62ulNBK97ezg==",
      "license": "Apache-2.0",
      "optional": true,
      "peerDependencies": {
        "@bufbuild/protobuf": "^2.6.2"
      }
    },
    "node_modules/@bufbuild/protobuf": {
      "version": "2.15.0",
      "resolved": "https://registry.npmjs.org/@bufbuild/protobuf/-/protobuf-2.15.0.tgz",
      "integrity": "sha512-DAheWUkVr/SJTWCc+lg9dhY0eN4SaWlf4+bG1KzHeXbnqt0AfB/NX0Z+VunGlM1ki1B4zVvye27MpKh/svySUA==",
      "license": "(Apache-2.0 AND BSD-3-Clause)",
      "optional": true,
      "peer": true
    },
    "node_modules/@bufbuild/re2": {
      "version": "0.6.1",
      "resolved": "https://registry.npmjs.org/@bufbuild/re2/-/re2-0.6.1.tgz",
      "integrity": "sha512-VY7zV7bWKdAsf46epowVKidolEfMKw/FoHo2xYVDVzLj/hiP5qDL3nXqJt6seZClRYfG+uzAPFQBZBlj07wO5A==",
      "license": "MIT",
      "optional": true
    },
    "node_modules/@marcbachmann/cel-js": {
      "version": "8.0.0",
      "resolved": "https://registry.npmjs.org/@marcbachmann/cel-js/-/cel-js-8.0.0.tgz",
      "integrity": "sha512-oaTrAziGr3zDLFiMt/yLU3nZuRMawyWQB5X1a0I7s9eGy3JYzX9l8ZXXHyMd64nzbeVFZTewuUShwsZQdK6UCA==",
      "license": "MIT",
      "bin": {
        "cel-evaluate": "bin/cel-evaluate.js"
      },
      "engines": {
        "node": ">=20.19.0"
      }
    }
  }
}
